
Microsoft Visual Studio Solution File, Format Version 12.00
# Visual Studio Version 16
VisualStudioVersion = 16.0.31025.194
MinimumVisualStudioVersion = 10.0.40219.1
Project("{FAE04EC0-301F-11D3-BF4B-00C04F79EFBC}") = "MyWebApp", "MyWebApp\MyWebApp.csproj", "{0C0611A9-1299-4B9E-9D3B-0611B52FD8B0}"
EndProject
Global
	GlobalSection(SolutionConfigurationPlatforms) = preSolution
		Debug|Any CPU = Debug|Any CPU
		Release|Any CPU = Release|Any CPU
	EndGlobalSection
	GlobalSection(ProjectConfigurationPlatforms) = postSolution
		{0C0611A9-1299-4B9E-9D3B-0611B52FD8B0}.Debug|Any CPU.ActiveCfg = Debug|Any CPU
		{0C0611A9-1299-4B9E-9D3B-0611B52FD8B0}.Debug|Any CPU.Build.0 = Debug|Any CPU
		{0C0611A9-1299-4B9E-9D3B-0611B52FD8B0}.Release|Any CPU.ActiveCfg = Release|Any CPU
		{0C0611A9-1299-4B9E-9D3B-0611B52FD8B0}.Release|Any CPU.Build.0 = Release|Any CPU
	EndGlobalSection
	GlobalSection(SolutionProperties) = preSolution
		HideSolutionNode = FALSE
	EndGlobalSection
	GlobalSection(ExtensibilityGlobals) = postSolution
		SolutionGuid = {821CBEF9-918C-4FAA-ABC4-267BA6099F64}
	EndGlobalSection
EndGlobal
