
Microsoft Visual Studio Solution File, Format Version 12.00
# Visual Studio Version 16
VisualStudioVersion = 16.0.31025.194
MinimumVisualStudioVersion = 10.0.40219.1
Project("{FAE04EC0-301F-11D3-BF4B-00C04F79EFBC}") = "MvcCreditApp1", "MvcCreditApp1\MvcCreditApp1.csproj", "{CFE6A412-C426-41D5-B963-E8694C9CF271}"
EndProject
Global
	GlobalSection(SolutionConfigurationPlatforms) = preSolution
		Debug|Any CPU = Debug|Any CPU
		Release|Any CPU = Release|Any CPU
	EndGlobalSection
	GlobalSection(ProjectConfigurationPlatforms) = postSolution
		{CFE6A412-C426-41D5-B963-E8694C9CF271}.Debug|Any CPU.ActiveCfg = Debug|Any CPU
		{CFE6A412-C426-41D5-B963-E8694C9CF271}.Debug|Any CPU.Build.0 = Debug|Any CPU
		{CFE6A412-C426-41D5-B963-E8694C9CF271}.Release|Any CPU.ActiveCfg = Release|Any CPU
		{CFE6A412-C426-41D5-B963-E8694C9CF271}.Release|Any CPU.Build.0 = Release|Any CPU
	EndGlobalSection
	GlobalSection(SolutionProperties) = preSolution
		HideSolutionNode = FALSE
	EndGlobalSection
	GlobalSection(ExtensibilityGlobals) = postSolution
		SolutionGuid = {ADCDD35D-9FD8-47E6-A1B6-2FA949DACBD9}
	EndGlobalSection
EndGlobal
